
Microsoft Visual Studio Solution File, Format Version 12.00
# Visual Studio Version 16
VisualStudioVersion = 16.0.28922.388
MinimumVisualStudioVersion = 10.0.40219.1
Project("{FAE04EC0-301F-11D3-BF4B-00C04F79EFBC}") = "Cryptography Project", "Cryptography Project\Cryptography Project.csproj", "{B984CA0F-E550-45AF-B0B6-6D7130336B46}"
EndProject
Global
	GlobalSection(SolutionConfigurationPlatforms) = preSolution
		Debug|Any CPU = Debug|Any CPU
		Release|Any CPU = Release|Any CPU
	EndGlobalSection
	GlobalSection(ProjectConfigurationPlatforms) = postSolution
		{B984CA0F-E550-45AF-B0B6-6D7130336B46}.Debug|Any CPU.ActiveCfg = Debug|Any CPU
		{B984CA0F-E550-45AF-B0B6-6D7130336B46}.Debug|Any CPU.Build.0 = Debug|Any CPU
		{B984CA0F-E550-45AF-B0B6-6D7130336B46}.Release|Any CPU.ActiveCfg = Release|Any CPU
		{B984CA0F-E550-45AF-B0B6-6D7130336B46}.Release|Any CPU.Build.0 = Release|Any CPU
	EndGlobalSection
	GlobalSection(SolutionProperties) = preSolution
		HideSolutionNode = FALSE
	EndGlobalSection
	GlobalSection(ExtensibilityGlobals) = postSolution
		SolutionGuid = {29C55AA3-FA78-4B50-9AD2-2789EB8E9013}
	EndGlobalSection
EndGlobal
